
Microsoft Visual Studio Solution File, Format Version 12.00
# Visual Studio Version 17
VisualStudioVersion = 17.0.32126.317
MinimumVisualStudioVersion = 10.0.40219.1
Project("{888888A0-9F3D-457C-B088-3A5042F75D52}") = "冰墩墩", "冰墩墩\冰墩墩.pyproj", "{A8AA861D-F04B-4A8A-9049-9EA1844765A4}"
EndProject
Global
	GlobalSection(SolutionConfigurationPlatforms) = preSolution
		Debug|Any CPU = Debug|Any CPU
		Release|Any CPU = Release|Any CPU
	EndGlobalSection
	GlobalSection(ProjectConfigurationPlatforms) = postSolution
		{A8AA861D-F04B-4A8A-9049-9EA1844765A4}.Debug|Any CPU.ActiveCfg = Debug|Any CPU
		{A8AA861D-F04B-4A8A-9049-9EA1844765A4}.Release|Any CPU.ActiveCfg = Release|Any CPU
	EndGlobalSection
	GlobalSection(SolutionProperties) = preSolution
		HideSolutionNode = FALSE
	EndGlobalSection
	GlobalSection(ExtensibilityGlobals) = postSolution
		SolutionGuid = {612B728A-9D8E-428C-836E-C9DAE71582ED}
	EndGlobalSection
EndGlobal
